# This file is automatically @generated by Cargo.
# It is not intended for manual editing.
version = 3

[[package]]
name = "adler32"
version = "1.2.0"
source = "registry+https://github.com/rust-lang/crates.io-index"
checksum = "aae1277d39aeec15cb388266ecc24b11c80469deae6067e17a1a7aa9e5c1f234"

[[package]]
name = "autocfg"
version = "1.1.0"
source = "registry+https://github.com/rust-lang/crates.io-index"
checksum = "d468802bab17cbc0cc575e9b053f41e72aa36bfa6b7f55e3529ffa43161b97fa"

[[package]]
name = "bitflags"
version = "0.7.0"
source = "registry+https://github.com/rust-lang/crates.io-index"
checksum = "aad18937a628ec6abcd26d1489012cc0e18c21798210f491af69ded9b881106d"

[[package]]
name = "byteorder"
version = "1.5.0"
source = "registry+https://github.com/rust-lang/crates.io-index"
checksum = "1fd0f2584146f6f2ef48085050886acf353beff7305ebd1ae69500e27c67f64b"

[[package]]
name = "color_quant"
version = "1.1.0"
source = "registry+https://github.com/rust-lang/crates.io-index"
checksum = "3d7b894f5411737b7867f4827955924d7c254fc9f4d91a6aad6b097804b1018b"

[[package]]
name = "crossbeam-deque"
version = "0.8.5"
source = "registry+https://github.com/rust-lang/crates.io-index"
checksum = "613f8cc01fe9cf1a3eb3d7f488fd2fa8388403e97039e2f73692932e291a770d"
dependencies = [
 "crossbeam-epoch",
 "crossbeam-utils",
]

[[package]]
name = "crossbeam-epoch"
version = "0.9.18"
source = "registry+https://github.com/rust-lang/crates.io-index"
checksum = "5b82ac4a3c2ca9c3460964f020e1402edd5753411d7737aa39c3714ad1b5420e"
dependencies = [
 "crossbeam-utils",
]

[[package]]
name = "crossbeam-utils"
version = "0.8.19"
source = "registry+https://github.com/rust-lang/crates.io-index"
checksum = "248e3bacc7dc6baa3b21e405ee045c3047101a49145e7e9eca583ab4c2ca5345"

[[package]]
name = "deflate"
version = "0.7.20"
source = "registry+https://github.com/rust-lang/crates.io-index"
checksum = "707b6a7b384888a70c8d2e8650b3e60170dfc6a67bb4aa67b6dfca57af4bedb4"
dependencies = [
 "adler32",
 "byteorder",
]

[[package]]
name = "either"
version = "1.10.0"
source = "registry+https://github.com/rust-lang/crates.io-index"
checksum = "11157ac094ffbdde99aa67b23417ebdd801842852b500e395a45a9c0aac03e4a"

[[package]]
name = "enum_primitive"
version = "0.1.1"
source = "registry+https://github.com/rust-lang/crates.io-index"
checksum = "be4551092f4d519593039259a9ed8daedf0da12e5109c5280338073eaeb81180"
dependencies = [
 "num-traits 0.1.43",
]

[[package]]
name = "gif"
version = "0.9.2"
source = "registry+https://github.com/rust-lang/crates.io-index"
checksum = "e2e41945ba23db3bf51b24756d73d81acb4f28d85c3dccc32c6fae904438c25f"
dependencies = [
 "color_quant",
 "lzw",
]

[[package]]
name = "image"
version = "0.13.0"
source = "registry+https://github.com/rust-lang/crates.io-index"
checksum = "1c3f4f5ea213ed9899eca760a8a14091d4b82d33e27cf8ced336ff730e9f6da8"
dependencies = [
 "byteorder",
 "enum_primitive",
 "gif",
 "jpeg-decoder",
 "num-iter",
 "num-rational 0.1.42",
 "num-traits 0.1.43",
 "png",
 "scoped_threadpool",
]

[[package]]
name = "inflate"
version = "0.2.0"
source = "registry+https://github.com/rust-lang/crates.io-index"
checksum = "d1238524675af3938a7c74980899535854b88ba07907bb1c944abe5b8fc437e5"

[[package]]
name = "jpeg-decoder"
version = "0.1.22"
source = "registry+https://github.com/rust-lang/crates.io-index"
checksum = "229d53d58899083193af11e15917b5640cd40b29ff475a1fe4ef725deb02d0f2"
dependencies = [
 "rayon",
]

[[package]]
name = "lzw"
version = "0.10.0"
source = "registry+https://github.com/rust-lang/crates.io-index"
checksum = "7d947cbb889ed21c2a84be6ffbaebf5b4e0f4340638cba0444907e38b56be084"

[[package]]
name = "mandelbrot"
version = "0.1.0"
dependencies = [
 "image",
 "num",
 "rayon",
]

[[package]]
name = "num"
version = "0.4.1"
source = "registry+https://github.com/rust-lang/crates.io-index"
checksum = "b05180d69e3da0e530ba2a1dae5110317e49e3b7f3d41be227dc5f92e49ee7af"
dependencies = [
 "num-bigint",
 "num-complex",
 "num-integer",
 "num-iter",
 "num-rational 0.4.1",
 "num-traits 0.2.18",
]

[[package]]
name = "num-bigint"
version = "0.4.4"
source = "registry+https://github.com/rust-lang/crates.io-index"
checksum = "608e7659b5c3d7cba262d894801b9ec9d00de989e8a82bd4bef91d08da45cdc0"
dependencies = [
 "autocfg",
 "num-integer",
 "num-traits 0.2.18",
]

[[package]]
name = "num-complex"
version = "0.4.5"
source = "registry+https://github.com/rust-lang/crates.io-index"
checksum = "23c6602fda94a57c990fe0df199a035d83576b496aa29f4e634a8ac6004e68a6"
dependencies = [
 "num-traits 0.2.18",
]

[[package]]
name = "num-integer"
version = "0.1.46"
source = "registry+https://github.com/rust-lang/crates.io-index"
checksum = "7969661fd2958a5cb096e56c8e1ad0444ac2bbcd0061bd28660485a44879858f"
dependencies = [
 "num-traits 0.2.18",
]

[[package]]
name = "num-iter"
version = "0.1.44"
source = "registry+https://github.com/rust-lang/crates.io-index"
checksum = "d869c01cc0c455284163fd0092f1f93835385ccab5a98a0dcc497b2f8bf055a9"
dependencies = [
 "autocfg",
 "num-integer",
 "num-traits 0.2.18",
]

[[package]]
name = "num-rational"
version = "0.1.42"
source = "registry+https://github.com/rust-lang/crates.io-index"
checksum = "ee314c74bd753fc86b4780aa9475da469155f3848473a261d2d18e35245a784e"
dependencies = [
 "num-integer",
 "num-traits 0.2.18",
]

[[package]]
name = "num-rational"
version = "0.4.1"
source = "registry+https://github.com/rust-lang/crates.io-index"
checksum = "0638a1c9d0a3c0914158145bc76cff373a75a627e6ecbfb71cbe6f453a5a19b0"
dependencies = [
 "autocfg",
 "num-bigint",
 "num-integer",
 "num-traits 0.2.18",
]

[[package]]
name = "num-traits"
version = "0.1.43"
source = "registry+https://github.com/rust-lang/crates.io-index"
checksum = "92e5113e9fd4cc14ded8e499429f396a20f98c772a47cc8622a736e1ec843c31"
dependencies = [
 "num-traits 0.2.18",
]

[[package]]
name = "num-traits"
version = "0.2.18"
source = "registry+https://github.com/rust-lang/crates.io-index"
checksum = "da0df0e5185db44f69b44f26786fe401b6c293d1907744beaa7fa62b2e5a517a"
dependencies = [
 "autocfg",
]

[[package]]
name = "png"
version = "0.7.0"
source = "registry+https://github.com/rust-lang/crates.io-index"
checksum = "48f397b84083c2753ba53c7b56ad023edb94512b2885ffe227c66ff7edb61868"
dependencies = [
 "bitflags",
 "deflate",
 "inflate",
 "num-iter",
]

[[package]]
name = "rayon"
version = "1.9.0"
source = "registry+https://github.com/rust-lang/crates.io-index"
checksum = "e4963ed1bc86e4f3ee217022bd855b297cef07fb9eac5dfa1f788b220b49b3bd"
dependencies = [
 "either",
 "rayon-core",
]

[[package]]
name = "rayon-core"
version = "1.12.1"
source = "registry+https://github.com/rust-lang/crates.io-index"
checksum = "1465873a3dfdaa8ae7cb14b4383657caab0b3e8a0aa9ae8e04b044854c8dfce2"
dependencies = [
 "crossbeam-deque",
 "crossbeam-utils",
]

[[package]]
name = "scoped_threadpool"
version = "0.1.9"
source = "registry+https://github.com/rust-lang/crates.io-index"
checksum = "1d51f5df5af43ab3f1360b429fa5e0152ac5ce8c0bd6485cae490332e96846a8"
